{
  "name": "worker-tui",
  "lockfileVersion": 3,
  "requires": true,
  "packages": {
    "": {
      "devDependencies": {
        "terminal-pilot": "0.0.62",
        "terminal-png": "0.1.8"
      }
    },
    "node_modules/@resvg/resvg-js": {
      "version": "2.6.2",
      "resolved": "https://registry.npmjs.org/@resvg/resvg-js/-/resvg-js-2.6.2.tgz",
      "integrity": "sha512-xBaJish5OeGmniDj9cW5PRa/PtmuVU3ziqrbr5xJj901ZDN4TosrVaNZpEiLZAxdfnhAe7uQ7QFWfjPe9d9K2Q==",
      "dev": true,
      "license": "MPL-2.0",
      "engines": {
        "node": ">= 10"
      },
      "optionalDependencies": {
        "@resvg/resvg-js-android-arm-eabi": "2.6.2",
        "@resvg/resvg-js-android-arm64": "2.6.2",
        "@resvg/resvg-js-darwin-arm64": "2.6.2",
        "@resvg/resvg-js-darwin-x64": "2.6.2",
        "@resvg/resvg-js-linux-arm-gnueabihf": "2.6.2",
        "@resvg/resvg-js-linux-arm64-gnu": "2.6.2",
        "@resvg/resvg-js-linux-arm64-musl": "2.6.2",
        "@resvg/resvg-js-linux-x64-gnu": "2.6.2",
        "@resvg/resvg-js-linux-x64-musl": "2.6.2",
        "@resvg/resvg-js-win32-arm64-msvc": "2.6.2",
        "@resvg/resvg-js-win32-ia32-msvc": "2.6.2",
        "@resvg/resvg-js-win32-x64-msvc": "2.6.2"
      }
    },
    "node_modules/@resvg/resvg-js-android-arm-eabi": {
      "version": "2.6.2",
      "resolved": "https://registry.npmjs.org/@resvg/resvg-js-android-arm-eabi/-/resvg-js-android-arm-eabi-2.6.2.tgz",
      "integrity": "sha512-FrJibrAk6v29eabIPgcTUMPXiEz8ssrAk7TXxsiZzww9UTQ1Z5KAbFJs+Z0Ez+VZTYgnE5IQJqBcoSiMebtPHA==",
      "cpu": [
        "arm"
      ],
      "dev": true,
      "license": "MPL-2.0",
      "optional": true,
      "os": [
        "android"
      ],
      "engines": {
        "node": ">= 10"
      }
    },
    "node_modules/@resvg/resvg-js-android-arm64": {
      "version": "2.6.2",
      "resolved": "https://registry.npmjs.org/@resvg/resvg-js-android-arm64/-/resvg-js-android-arm64-2.6.2.tgz",
      "integrity": "sha512-VcOKezEhm2VqzXpcIJoITuvUS/fcjIw5NA/w3tjzWyzmvoCdd+QXIqy3FBGulWdClvp4g+IfUemigrkLThSjAQ==",
      "cpu": [
        "arm64"
      ],
      "dev": true,
      "license": "MPL-2.0",
      "optional": true,
      "os": [
        "android"
      ],
      "engines": {
        "node": ">= 10"
      }
    },
    "node_modules/@resvg/resvg-js-darwin-arm64": {
      "version": "2.6.2",
      "resolved": "https://registry.npmjs.org/@resvg/resvg-js-darwin-arm64/-/resvg-js-darwin-arm64-2.6.2.tgz",
      "integrity": "sha512-nmok2LnAd6nLUKI16aEB9ydMC6Lidiiq2m1nEBDR1LaaP7FGs4AJ90qDraxX+CWlVuRlvNjyYJTNv8qFjtL9+A==",
      "cpu": [
        "arm64"
      ],
      "dev": true,
      "license": "MPL-2.0",
      "optional": true,
      "os": [
        "darwin"
      ],
      "engines": {
        "node": ">= 10"
      }
    },
    "node_modules/@resvg/resvg-js-darwin-x64": {
      "version": "2.6.2",
      "resolved": "https://registry.npmjs.org/@resvg/resvg-js-darwin-x64/-/resvg-js-darwin-x64-2.6.2.tgz",
      "integrity": "sha512-GInyZLjgWDfsVT6+SHxQVRwNzV0AuA1uqGsOAW+0th56J7Nh6bHHKXHBWzUrihxMetcFDmQMAX1tZ1fZDYSRsw==",
      "cpu": [
        "x64"
      ],
      "dev": true,
      "license": "MPL-2.0",
      "optional": true,
      "os": [
        "darwin"
      ],
      "engines": {
        "node": ">= 10"
      }
    },
    "node_modules/@resvg/resvg-js-linux-arm-gnueabihf": {
      "version": "2.6.2",
      "resolved": "https://registry.npmjs.org/@resvg/resvg-js-linux-arm-gnueabihf/-/resvg-js-linux-arm-gnueabihf-2.6.2.tgz",
      "integrity": "sha512-YIV3u/R9zJbpqTTNwTZM5/ocWetDKGsro0SWp70eGEM9eV2MerWyBRZnQIgzU3YBnSBQ1RcxRZvY/UxwESfZIw==",
      "cpu": [
        "arm"
      ],
      "dev": true,
      "license": "MPL-2.0",
      "optional": true,
      "os": [
        "linux"
      ],
      "engines": {
        "node": ">= 10"
      }
    },
    "node_modules/@resvg/resvg-js-linux-arm64-gnu": {
      "version": "2.6.2",
      "resolved": "https://registry.npmjs.org/@resvg/resvg-js-linux-arm64-gnu/-/resvg-js-linux-arm64-gnu-2.6.2.tgz",
      "integrity": "sha512-zc2BlJSim7YR4FZDQ8OUoJg5holYzdiYMeobb9pJuGDidGL9KZUv7SbiD4E8oZogtYY42UZEap7dqkkYuA91pg==",
      "cpu": [
        "arm64"
      ],
      "dev": true,
      "license": "MPL-2.0",
      "optional": true,
      "os": [
        "linux"
      ],
      "engines": {
        "node": ">= 10"
      }
    },
    "node_modules/@resvg/resvg-js-linux-arm64-musl": {
      "version": "2.6.2",
      "resolved": "https://registry.npmjs.org/@resvg/resvg-js-linux-arm64-musl/-/resvg-js-linux-arm64-musl-2.6.2.tgz",
      "integrity": "sha512-3h3dLPWNgSsD4lQBJPb4f+kvdOSJHa5PjTYVsWHxLUzH4IFTJUAnmuWpw4KqyQ3NA5QCyhw4TWgxk3jRkQxEKg==",
      "cpu": [
        "arm64"
      ],
      "dev": true,
      "license": "MPL-2.0",
      "optional": true,
      "os": [
        "linux"
      ],
      "engines": {
        "node": ">= 10"
      }
    },
    "node_modules/@resvg/resvg-js-linux-x64-gnu": {
      "version": "2.6.2",
      "resolved": "https://registry.npmjs.org/@resvg/resvg-js-linux-x64-gnu/-/resvg-js-linux-x64-gnu-2.6.2.tgz",
      "integrity": "sha512-IVUe+ckIerA7xMZ50duAZzwf1U7khQe2E0QpUxu5MBJNao5RqC0zwV/Zm965vw6D3gGFUl7j4m+oJjubBVoftw==",
      "cpu": [
        "x64"
      ],
      "dev": true,
      "license": "MPL-2.0",
      "optional": true,
      "os": [
        "linux"
      ],
      "engines": {
        "node": ">= 10"
      }
    },
    "node_modules/@resvg/resvg-js-linux-x64-musl": {
      "version": "2.6.2",
      "resolved": "https://registry.npmjs.org/@resvg/resvg-js-linux-x64-musl/-/resvg-js-linux-x64-musl-2.6.2.tgz",
      "integrity": "sha512-UOf83vqTzoYQO9SZ0fPl2ZIFtNIz/Rr/y+7X8XRX1ZnBYsQ/tTb+cj9TE+KHOdmlTFBxhYzVkP2lRByCzqi4jQ==",
      "cpu": [
        "x64"
      ],
      "dev": true,
      "license": "MPL-2.0",
      "optional": true,
      "os": [
        "linux"
      ],
      "engines": {
        "node": ">= 10"
      }
    },
    "node_modules/@resvg/resvg-js-win32-arm64-msvc": {
      "version": "2.6.2",
      "resolved": "https://registry.npmjs.org/@resvg/resvg-js-win32-arm64-msvc/-/resvg-js-win32-arm64-msvc-2.6.2.tgz",
      "integrity": "sha512-7C/RSgCa+7vqZ7qAbItfiaAWhyRSoD4l4BQAbVDqRRsRgY+S+hgS3in0Rxr7IorKUpGE69X48q6/nOAuTJQxeQ==",
      "cpu": [
        "arm64"
      ],
      "dev": true,
      "license": "MPL-2.0",
      "optional": true,
      "os": [
        "win32"
      ],
      "engines": {
        "node": ">= 10"
      }
    },
    "node_modules/@resvg/resvg-js-win32-ia32-msvc": {
      "version": "2.6.2",
      "resolved": "https://registry.npmjs.org/@resvg/resvg-js-win32-ia32-msvc/-/resvg-js-win32-ia32-msvc-2.6.2.tgz",
      "integrity": "sha512-har4aPAlvjnLcil40AC77YDIk6loMawuJwFINEM7n0pZviwMkMvjb2W5ZirsNOZY4aDbo5tLx0wNMREp5Brk+w==",
      "cpu": [
        "ia32"
      ],
      "dev": true,
      "license": "MPL-2.0",
      "optional": true,
      "os": [
        "win32"
      ],
      "engines": {
        "node": ">= 10"
      }
    },
    "node_modules/@resvg/resvg-js-win32-x64-msvc": {
      "version": "2.6.2",
      "resolved": "https://registry.npmjs.org/@resvg/resvg-js-win32-x64-msvc/-/resvg-js-win32-x64-msvc-2.6.2.tgz",
      "integrity": "sha512-ZXtYhtUr5SSaBrUDq7DiyjOFJqBVL/dOBN7N/qmi/pO0IgiWW/f/ue3nbvu9joWE5aAKDoIzy/CxsY0suwGosQ==",
      "cpu": [
        "x64"
      ],
      "dev": true,
      "license": "MPL-2.0",
      "optional": true,
      "os": [
        "win32"
      ],
      "engines": {
        "node": ">= 10"
      }
    },
    "node_modules/commander": {
      "version": "13.1.0",
      "resolved": "https://registry.npmjs.org/commander/-/commander-13.1.0.tgz",
      "integrity": "sha512-/rFeCpNJQbhSZjGVwO9RFV3xPqbnERS8MmIQzCtD/zl6gpJuV/bMLuN92oG3F7d8oDEHHRrujSXNUr8fpjntKw==",
      "dev": true,
      "license": "MIT",
      "engines": {
        "node": ">=18"
      }
    },
    "node_modules/fast-string-truncated-width": {
      "version": "3.0.3",
      "resolved": "https://registry.npmjs.org/fast-string-truncated-width/-/fast-string-truncated-width-3.0.3.tgz",
      "integrity": "sha512-0jjjIEL6+0jag3l2XWWizO64/aZVtpiGE3t0Zgqxv0DPuxiMjvB3M24fCyhZUO4KomJQPj3LTSUnDP3GpdwC0g==",
      "dev": true,
      "license": "MIT"
    },
    "node_modules/fast-string-width": {
      "version": "3.0.2",
      "resolved": "https://registry.npmjs.org/fast-string-width/-/fast-string-width-3.0.2.tgz",
      "integrity": "sha512-gX8LrtNEI5hq8DVUfRQMbr5lpaS4nMIWV+7XEbXk2b8kiQIizgnlr12B4dA3ZEx3308ze0O4Q1R+cHts8kyUJg==",
      "dev": true,
      "license": "MIT",
      "dependencies": {
        "fast-string-truncated-width": "^3.0.2"
      }
    },
    "node_modules/fast-wrap-ansi": {
      "version": "0.2.2",
      "resolved": "https://registry.npmjs.org/fast-wrap-ansi/-/fast-wrap-ansi-0.2.2.tgz",
      "integrity": "sha512-7F2Fl+TjRSenLqlU3UjSH0iyqopqoZIu7eZVpEirP2g1GtWa2G/ecEmBdgz31+Mxr+ELclgg6sokpSFIQiZ02Q==",
      "dev": true,
      "license": "MIT",
      "dependencies": {
        "fast-string-width": "^3.0.2"
      }
    },
    "node_modules/ignore": {
      "version": "5.3.2",
      "resolved": "https://registry.npmjs.org/ignore/-/ignore-5.3.2.tgz",
      "integrity": "sha512-hsBTNUqQTDwkWtcdYI2i06Y/nUBEsNEDJKjWdigLvegy8kDuJAS8uRlpkkcQpyEXL0Z/pjDy5HBmMjRCJ2gq+g==",
      "dev": true,
      "license": "MIT",
      "engines": {
        "node": ">= 4"
      }
    },
    "node_modules/jetbrains-mono": {
      "version": "1.0.6",
      "resolved": "https://registry.npmjs.org/jetbrains-mono/-/jetbrains-mono-1.0.6.tgz",
      "integrity": "sha512-nVHwukZwQHKEQ3ZP1qlXFyFoUyBnonwrqLQf/ZlsoDPgTHm7T0EL0m1KJQ9U4ghu4emYuSR21uqmZalzNvvoUA==",
      "dev": true,
      "license": "MIT"
    },
    "node_modules/jose": {
      "version": "6.2.12",
      "resolved": "https://registry.npmjs.org/jose/-/jose-6.2.12.tgz",
      "integrity": "sha512-9NiFmJEex0sy2Dk58j2UGBSHgUs2ypF9eZSu4L6vjOX3Dp96Sw1F3uL+H+D1sx02jZZdzUT0HgvCy59CuvXcWw==",
      "dev": true,
      "license": "MIT",
      "funding": {
        "url": "https://github.com/sponsors/panva"
      }
    },
    "node_modules/jsonc-parser": {
      "version": "3.3.1",
      "resolved": "https://registry.npmjs.org/jsonc-parser/-/jsonc-parser-3.3.1.tgz",
      "integrity": "sha512-HUgH65KyejrUFPvHFPbqOY0rsFip3Bo5wb4ngvdi1EpCYWUQDC5V+Y7mZws+DLkr4M//zQJoanu1SP+87Dv1oQ==",
      "dev": true,
      "license": "MIT"
    },
    "node_modules/node-addon-api": {
      "version": "7.1.1",
      "resolved": "https://registry.npmjs.org/node-addon-api/-/node-addon-api-7.1.1.tgz",
      "integrity": "sha512-5m3bsyrjFWE1xf7nz7YXdN4udnVtXK6/Yfgn5qnahL6bCkf2yKt4k3nuTKAtT4r3IG8JNR2ncsIMdZuAzJjHQQ==",
      "dev": true,
      "license": "MIT"
    },
    "node_modules/node-pty": {
      "version": "1.1.0",
      "resolved": "https://registry.npmjs.org/node-pty/-/node-pty-1.1.0.tgz",
      "integrity": "sha512-20JqtutY6JPXTUnL0ij1uad7Qe1baT46lyolh2sSENDd4sTzKZ4nmAFkeAARDKwmlLjPx6XKRlwRUxwjOy+lUg==",
      "dev": true,
      "hasInstallScript": true,
      "license": "MIT",
      "dependencies": {
        "node-addon-api": "^7.1.0"
      }
    },
    "node_modules/sisteransi": {
      "version": "1.0.5",
      "resolved": "https://registry.npmjs.org/sisteransi/-/sisteransi-1.0.5.tgz",
      "integrity": "sha512-bLGGlR1QxBcynn2d5YmDX4MGjlZvy2MRBDRNHLJ8VI6l6+9FUiyTFNJ0IveOSP0bcXgVDPRcfGqA0pjaqUpfVg==",
      "dev": true,
      "license": "MIT"
    },
    "node_modules/smol-toml": {
      "version": "1.8.0",
      "resolved": "https://registry.npmjs.org/smol-toml/-/smol-toml-1.8.0.tgz",
      "integrity": "sha512-kCZr2V3ch9i00x8zXRhjUNVcjG9ijES5dDudkXvUVCT5QlJNQWElSJdZqyPemffHoLNUYwOcou0Fy+ojN0uHSQ==",
      "dev": true,
      "license": "BSD-3-Clause",
      "engines": {
        "node": ">= 18"
      },
      "funding": {
        "url": "https://github.com/sponsors/cyyynthia"
      }
    },
    "node_modules/terminal-pilot": {
      "version": "0.0.62",
      "resolved": "https://registry.npmjs.org/terminal-pilot/-/terminal-pilot-0.0.62.tgz",
      "integrity": "sha512-aKxCBvKQOPgUTW+62Y7I2Ovb/DQufyyVlMq2rfsEzOZx++6Eursl5aStTSj4ghp1cLmitqLz40kMbx3zEC9NMQ==",
      "bundleDependencies": [
        "@poe-code/agent-skill-config",
        "@poe-code/agent-defs",
        "@poe-code/config-mutations",
        "@poe-code/user-error",
        "toolcraft-design",
        "@poe-code/frontmatter",
        "fast-string-width",
        "fast-wrap-ansi",
        "jsonc-parser",
        "sisteransi",
        "smol-toml",
        "yaml"
      ],
      "dev": true,
      "license": "MIT",
      "dependencies": {
        "@poe-code/agent-skill-config": "*",
        "@resvg/resvg-js": "^2.6.2",
        "commander": "^13.1.0",
        "fast-string-width": "^3.0.2",
        "fast-wrap-ansi": "^0.2.0",
        "jetbrains-mono": "^1.0.6",
        "jose": "^6.1.2",
        "jsonc-parser": "^3.3.1",
        "node-pty": "^1.1.0",
        "sisteransi": "^1.0.5",
        "smol-toml": "^1.6.0",
        "terminal-png": "^0.1.0",
        "toolcraft": "^0.0.51",
        "yaml": "^2.8.2"
      },
      "bin": {
        "terminal-pilot": "dist/cli.js"
      },
      "engines": {
        "node": ">=18.18"
      },
      "optionalDependencies": {
        "@poe-code/agent-defs": "*",
        "@poe-code/config-mutations": "*",
        "@poe-code/frontmatter": "*",
        "@poe-code/user-error": "*",
        "toolcraft-design": "*"
      }
    },
    "node_modules/terminal-pilot/node_modules/@poe-code/agent-defs": {
      "dev": true,
      "inBundle": true,
      "license": "MIT",
      "optional": true
    },
    "node_modules/terminal-pilot/node_modules/@poe-code/agent-skill-config": {
      "dev": true,
      "inBundle": true,
      "license": "MIT"
    },
    "node_modules/terminal-pilot/node_modules/@poe-code/config-mutations": {
      "dev": true,
      "inBundle": true,
      "license": "MIT",
      "optional": true
    },
    "node_modules/terminal-pilot/node_modules/@poe-code/frontmatter": {
      "dev": true,
      "inBundle": true,
      "license": "MIT",
      "optional": true
    },
    "node_modules/terminal-pilot/node_modules/@poe-code/user-error": {
      "dev": true,
      "inBundle": true,
      "license": "MIT",
      "optional": true
    },
    "node_modules/terminal-pilot/node_modules/fast-string-truncated-width": {
      "version": "3.0.3",
      "dev": true,
      "inBundle": true,
      "license": "MIT"
    },
    "node_modules/terminal-pilot/node_modules/fast-string-width": {
      "version": "3.0.2",
      "dev": true,
      "inBundle": true,
      "license": "MIT",
      "dependencies": {
        "fast-string-truncated-width": "^3.0.2"
      }
    },
    "node_modules/terminal-pilot/node_modules/fast-wrap-ansi": {
      "version": "0.2.2",
      "dev": true,
      "inBundle": true,
      "license": "MIT",
      "dependencies": {
        "fast-string-width": "^3.0.2"
      }
    },
    "node_modules/terminal-pilot/node_modules/jsonc-parser": {
      "version": "3.3.1",
      "dev": true,
      "inBundle": true,
      "license": "MIT"
    },
    "node_modules/terminal-pilot/node_modules/sisteransi": {
      "version": "1.0.5",
      "dev": true,
      "inBundle": true,
      "license": "MIT"
    },
    "node_modules/terminal-pilot/node_modules/smol-toml": {
      "version": "1.7.0",
      "dev": true,
      "inBundle": true,
      "license": "BSD-3-Clause",
      "engines": {
        "node": ">= 18"
      },
      "funding": {
        "url": "https://github.com/sponsors/cyyynthia"
      }
    },
    "node_modules/terminal-pilot/node_modules/toolcraft-design": {
      "dev": true,
      "inBundle": true,
      "license": "MIT",
      "optional": true,
      "engines": {
        "node": ">=18.18"
      }
    },
    "node_modules/terminal-pilot/node_modules/yaml": {
      "version": "2.9.0",
      "dev": true,
      "inBundle": true,
      "license": "ISC",
      "bin": {
        "yaml": "bin.mjs"
      },
      "engines": {
        "node": ">= 14.6"
      },
      "funding": {
        "url": "https://github.com/sponsors/eemeli"
      }
    },
    "node_modules/terminal-png": {
      "version": "0.1.8",
      "resolved": "https://registry.npmjs.org/terminal-png/-/terminal-png-0.1.8.tgz",
      "integrity": "sha512-FvERIzW32aqpK17g7tZZ4+SZRM+Zp5ttzXi3lo2YzN17cBKvY/qV7IB+RTNCyT4oKw/7XPdzCsVlK/Xcw1I2OA==",
      "dev": true,
      "license": "MIT",
      "dependencies": {
        "@resvg/resvg-js": "^2.6.2",
        "commander": "^13.1.0",
        "jetbrains-mono": "^1.0.6"
      },
      "bin": {
        "terminal-png": "bin/terminal-png"
      }
    },
    "node_modules/tiny-stdio-mcp-server": {
      "version": "0.1.26",
      "resolved": "https://registry.npmjs.org/tiny-stdio-mcp-server/-/tiny-stdio-mcp-server-0.1.26.tgz",
      "integrity": "sha512-RLsqXcHxPtTl+NjYEMTLjpO2XoOKtYrs9CdzIrLqq3IORF5Y73KYYJigy5t7E21LWLt1nBuP8pyIJMlOWlOoGA==",
      "bundleDependencies": [
        "toolcraft-schema"
      ],
      "dev": true,
      "license": "MIT",
      "dependencies": {
        "toolcraft-schema": "*"
      },
      "engines": {
        "node": ">=18.18"
      }
    },
    "node_modules/tiny-stdio-mcp-server/node_modules/toolcraft-schema": {
      "version": "0.0.1",
      "dev": true,
      "inBundle": true,
      "license": "MIT",
      "engines": {
        "node": ">=18.18"
      }
    },
    "node_modules/toolcraft": {
      "version": "0.0.51",
      "resolved": "https://registry.npmjs.org/toolcraft/-/toolcraft-0.0.51.tgz",
      "integrity": "sha512-3vmDSfoX9fF5W2rbDiiiW8+q61VxvWXB9USxm7Ucihc85nOmlPZYNopYtwTaZ/yIc8Ej0xENFReXO92+AfhYow==",
      "bundleDependencies": [
        "toolcraft-design",
        "@poe-code/frontmatter",
        "@poe-code/agent-mcp-config",
        "@poe-code/agent-human-in-loop",
        "@poe-code/task-list",
        "@poe-code/agent-defs",
        "@poe-code/config-mutations",
        "@poe-code/process-runner",
        "tiny-mcp-client",
        "mcp-oauth",
        "auth-store"
      ],
      "dev": true,
      "dependencies": {
        "commander": "^14.0.3",
        "fast-string-width": "^3.0.2",
        "fast-wrap-ansi": "^0.2.0",
        "ignore": "^5.3.2",
        "jose": "^6.1.2",
        "jsonc-parser": "^3.3.1",
        "sisteransi": "^1.0.5",
        "smol-toml": "^1.3.0",
        "tiny-stdio-mcp-server": "^0.1.0",
        "toolcraft-schema": "0.0.51",
        "yaml": "^2.8.2"
      },
      "engines": {
        "node": ">=20"
      },
      "optionalDependencies": {
        "@poe-code/agent-defs": "*",
        "@poe-code/agent-human-in-loop": "*",
        "@poe-code/agent-mcp-config": "*",
        "@poe-code/config-mutations": "*",
        "@poe-code/frontmatter": "*",
        "@poe-code/process-runner": "*",
        "@poe-code/task-list": "*",
        "auth-store": "*",
        "mcp-oauth": "*",
        "tiny-mcp-client": "*",
        "toolcraft-design": "^0.0.2"
      }
    },
    "node_modules/toolcraft-schema": {
      "version": "0.0.51",
      "resolved": "https://registry.npmjs.org/toolcraft-schema/-/toolcraft-schema-0.0.51.tgz",
      "integrity": "sha512-9laZhamDFazFS4eMXHM03PS98DNLPp22KrwnQXo2o0JaJfsqZdDdROGIiYJOKesrdEaNjQPGmwdap0dEXzqADA==",
      "dev": true,
      "engines": {
        "node": ">=20"
      }
    },
    "node_modules/toolcraft/node_modules/@poe-code/agent-defs": {
      "version": "0.0.1",
      "dev": true,
      "inBundle": true,
      "optional": true
    },
    "node_modules/toolcraft/node_modules/@poe-code/agent-human-in-loop": {
      "version": "0.0.1",
      "dev": true,
      "inBundle": true,
      "optional": true
    },
    "node_modules/toolcraft/node_modules/@poe-code/agent-mcp-config": {
      "version": "0.0.1",
      "dev": true,
      "inBundle": true,
      "optional": true,
      "dependencies": {
        "@poe-code/agent-defs": "*",
        "@poe-code/config-mutations": "*",
        "yaml": "^2.8.3"
      }
    },
    "node_modules/toolcraft/node_modules/@poe-code/config-mutations": {
      "version": "0.0.1",
      "dev": true,
      "inBundle": true,
      "optional": true,
      "dependencies": {
        "jsonc-parser": "^3.3.1",
        "smol-toml": "^1.3.0",
        "toolcraft-design": "*",
        "yaml": "^2.8.1"
      }
    },
    "node_modules/toolcraft/node_modules/@poe-code/frontmatter": {
      "version": "0.0.1",
      "dev": true,
      "inBundle": true,
      "optional": true,
      "dependencies": {
        "yaml": "^2.8.2"
      }
    },
    "node_modules/toolcraft/node_modules/@poe-code/process-runner": {
      "version": "0.0.1",
      "dev": true,
      "inBundle": true,
      "optional": true,
      "dependencies": {
        "ignore": "^5.3.2"
      }
    },
    "node_modules/toolcraft/node_modules/@poe-code/task-list": {
      "version": "0.0.1",
      "dev": true,
      "inBundle": true,
      "optional": true,
      "dependencies": {
        "@poe-code/process-runner": "*",
        "yaml": "*"
      }
    },
    "node_modules/toolcraft/node_modules/auth-store": {
      "version": "0.0.1",
      "dev": true,
      "inBundle": true,
      "optional": true
    },
    "node_modules/toolcraft/node_modules/commander": {
      "version": "14.0.3",
      "resolved": "https://registry.npmjs.org/commander/-/commander-14.0.3.tgz",
      "integrity": "sha512-H+y0Jo/T1RZ9qPP4Eh1pkcQcLRglraJaSLoyOtHxu6AapkjWVCy2Sit1QQ4x3Dng8qDlSsZEet7g5Pq06MvTgw==",
      "dev": true,
      "license": "MIT",
      "engines": {
        "node": ">=20"
      }
    },
    "node_modules/toolcraft/node_modules/mcp-oauth": {
      "version": "0.0.1",
      "dev": true,
      "inBundle": true,
      "optional": true,
      "dependencies": {
        "auth-store": "*",
        "jose": "^6.1.2"
      }
    },
    "node_modules/toolcraft/node_modules/tiny-mcp-client": {
      "version": "0.1.0",
      "dev": true,
      "inBundle": true,
      "optional": true,
      "dependencies": {
        "mcp-oauth": "*"
      }
    },
    "node_modules/toolcraft/node_modules/toolcraft-design": {
      "version": "0.0.2",
      "dev": true,
      "inBundle": true,
      "optional": true,
      "dependencies": {
        "@poe-code/frontmatter": "*",
        "fast-string-width": "^3.0.2",
        "fast-wrap-ansi": "^0.2.0",
        "sisteransi": "^1.0.5"
      },
      "engines": {
        "node": ">=18.18"
      }
    },
    "node_modules/yaml": {
      "version": "2.9.1",
      "resolved": "https://registry.npmjs.org/yaml/-/yaml-2.9.1.tgz",
      "integrity": "sha512-3NxN8+78OdzbT7C/WjGsyfPAtJaN3FNDsWxv7Y7mcDsT/oOmgW8BpyQQFFBnvZE3j9Y2Sdz1ULFLezL7Eb2yFw==",
      "dev": true,
      "license": "ISC",
      "bin": {
        "yaml": "bin.mjs"
      },
      "engines": {
        "node": ">= 14.6"
      },
      "funding": {
        "url": "https://github.com/sponsors/eemeli"
      }
    }
  }
}
